// !$*UTF8*$!
{
	archiveVersion = 1;
	classes = {
	};
	objectVersion = 46;
	objects = {

/* Begin PBXBuildFile section */
		3BD6ADCF1C36F5680058C0BE /* main.m in Sources */ = {isa = PBXBuildFile; fileRef = 3BD6ADCE1C36F5680058C0BE /* main.m */; };
		3BD6ADD21C36F5680058C0BE /* AppDelegate.m in Sources */ = {isa = PBXBuildFile; fileRef = 3BD6ADD11C36F5680058C0BE /* AppDelegate.m */; };
		3BD6ADD51C36F5680058C0BE /* ViewController.m in Sources */ = {isa = PBXBuildFile; fileRef = 3BD6ADD41C36F5680058C0BE /* ViewController.m */; };
		3BD6ADD81C36F5680058C0BE /* Main.storyboard in Resources */ = {isa = PBXBuildFile; fileRef = 3BD6ADD61C36F5680058C0BE /* Main.storyboard */; };
		3BD6ADDA1C36F5680058C0BE /* Assets.xcassets in Resources */ = {isa = PBXBuildFile; fileRef = 3BD6ADD91C36F5680058C0BE /* Assets.xcassets */; };
		3BD6ADDD1C36F5680058C0BE /* LaunchScreen.storyboard in Resources */ = {isa = PBXBuildFile; fileRef = 3BD6ADDB1C36F5680058C0BE /* LaunchScreen.storyboard */; };
		3BD6ADE81C36F5680058C0BE /* HotShotTests.m in Sources */ = {isa = PBXBuildFile; fileRef = 3BD6ADE71C36F5680058C0BE /* HotShotTests.m */; };
		3BD6ADF31C36F5680058C0BE /* HotShotUITests.m in Sources */ = {isa = PBXBuildFile; fileRef = 3BD6ADF21C36F5680058C0BE /* HotShotUITests.m */; };
/* End PBXBuildFile section */

/* Begin PBXContainerItemProxy section */
		3BD6ADE41C36F5680058C0BE /* PBXContainerItemProxy */ = {
			isa = PBXContainerItemProxy;
			containerPortal = 3BD6ADC21C36F5680058C0BE /* Project object */;
			proxyType = 1;
			remoteGlobalIDString = 3BD6ADC91C36F5680058C0BE;
			remoteInfo = HotShot;
		};
		3BD6ADEF1C36F5680058C0BE /* PBXContainerItemProxy */ = {
			isa = PBXContainerItemProxy;
			containerPortal = 3BD6ADC21C36F5680058C0BE /* Project object */;
			proxyType = 1;
			remoteGlobalIDString = 3BD6ADC91C36F5680058C0BE;
			remoteInfo = HotShot;
		};
/* End PBXContainerItemProxy section */

/* Begin PBXFileReference section */
		3BD6ADCA1C36F5680058C0BE /* HotShot.app */ = {isa = PBXFileReference; explicitFileType = wrapper.application; includeInIndex = 0; path = HotShot.app; sourceTree = BUILT_PRODUCTS_DIR; };
		3BD6ADCE1C36F5680058C0BE /* main.m */ = {isa = PBXFileReference; lastKnownFileType = sourcecode.c.objc; path = main.m; sourceTree = "<group>"; };
		3BD6ADD01C36F5680058C0BE /* AppDelegate.h */ = {isa = PBXFileReference; lastKnownFileType = sourcecode.c.h; path = AppDelegate.h; sourceTree = "<group>"; };
		3BD6ADD11C36F5680058C0BE /* AppDelegate.m */ = {isa = PBXFileReference; lastKnownFileType = sourcecode.c.objc; path = AppDelegate.m; sourceTree = "<group>"; };
		3BD6ADD31C36F5680058C0BE /* ViewController.h */ = {isa = PBXFileReference; lastKnownFileType = sourcecode.c.h; path = ViewController.h; sourceTree = "<group>"; };
		3BD6ADD41C36F5680058C0BE /* ViewController.m */ = {isa = PBXFileReference; lastKnownFileType = sourcecode.c.objc; path = ViewController.m; sourceTree = "<group>"; };
		3BD6ADD71C36F5680058C0BE /* Base */ = {isa = PBXFileReference; lastKnownFileType = file.storyboard; name = Base; path = Base.lproj/Main.storyboard; sourceTree = "<group>"; };
		3BD6ADD91C36F5680058C0BE /* Assets.xcassets */ = {isa = PBXFileReference; lastKnownFileType = folder.assetcatalog; path = Assets.xcassets; sourceTree = "<group>"; };
		3BD6ADDC1C36F5680058C0BE /* Base */ = {isa = PBXFileReference; lastKnownFileType = file.storyboard; name = Base; path = Base.lproj/LaunchScreen.storyboard; sourceTree = "<group>"; };
		3BD6ADDE1C36F5680058C0BE /* Info.plist */ = {isa = PBXFileReference; lastKnownFileType = text.plist.xml; path = Info.plist; sourceTree = "<group>"; };
		3BD6ADE31C36F5680058C0BE /* HotShotTests.xctest */ = {isa = PBXFileReference; explicitFileType = wrapper.cfbundle; includeInIndex = 0; path = HotShotTests.xctest; sourceTree = BUILT_PRODUCTS_DIR; };
		3BD6ADE71C36F5680058C0BE /* HotShotTests.m */ = {isa = PBXFileReference; lastKnownFileType = sourcecode.c.objc; path = HotShotTests.m; sourceTree = "<group>"; };
		3BD6ADE91C36F5680058C0BE /* Info.plist */ = {isa = PBXFileReference; lastKnownFileType = text.plist.xml; path = Info.plist; sourceTree = "<group>"; };
		3BD6ADEE1C36F5680058C0BE /* HotShotUITests.xctest */ = {isa = PBXFileReference; explicitFileType = wrapper.cfbundle; includeInIndex = 0; path = HotShotUITests.xctest; sourceTree = BUILT_PRODUCTS_DIR; };
		3BD6ADF21C36F5680058C0BE /* HotShotUITests.m */ = {isa = PBXFileReference; lastKnownFileType = sourcecode.c.objc; path = HotShotUITests.m; sourceTree = "<group>"; };
		3BD6ADF41C36F5680058C0BE /* Info.plist */ = {isa = PBXFileReference; lastKnownFileType = text.plist.xml; path = Info.plist; sourceTree = "<group>"; };
/* End PBXFileReference section */

/* Begin PBXFrameworksBuildPhase section */
		3BD6ADC71C36F5680058C0BE /* Frameworks */ = {
			isa = PBXFrameworksBuildPhase;
			buildActionMask = 2147483647;
			files = (
			);
			runOnlyForDeploymentPostprocessing = 0;
		};
		3BD6ADE01C36F5680058C0BE /* Frameworks */ = {
			isa = PBXFrameworksBuildPhase;
			buildActionMask = 2147483647;
			files = (
			);
			runOnlyForDeploymentPostprocessing = 0;
		};
		3BD6ADEB1C36F5680058C0BE /* Frameworks */ = {
			isa = PBXFrameworksBuildPhase;
			buildActionMask = 2147483647;
			files = (
			);
			runOnlyForDeploymentPostprocessing = 0;
		};
/* End PBXFrameworksBuildPhase section */

/* Begin PBXGroup section */
		3BD6ADC11C36F5680058C0BE = {
			isa = PBXGroup;
			children = (
				3BD6ADCC1C36F5680058C0BE /* HotShot */,
				3BD6ADE61C36F5680058C0BE /* HotShotTests */,
				3BD6ADF11C36F5680058C0BE /* HotShotUITests */,
				3BD6ADCB1C36F5680058C0BE /* Products */,
			);
			sourceTree = "<group>";
		};
		3BD6ADCB1C36F5680058C0BE /* Products */ = {
			isa = PBXGroup;
			children = (
				3BD6ADCA1C36F5680058C0BE /* HotShot.app */,
				3BD6ADE31C36F5680058C0BE /* HotShotTests.xctest */,
				3BD6ADEE1C36F5680058C0BE /* HotShotUITests.xctest */,
			);
			name = Products;
			sourceTree = "<group>";
		};
		3BD6ADCC1C36F5680058C0BE /* HotShot */ = {
			isa = PBXGroup;
			children = (
				3BD6ADD01C36F5680058C0BE /* AppDelegate.h */,
				3BD6ADD11C36F5680058C0BE /* AppDelegate.m */,
				3BD6ADD31C36F5680058C0BE /* ViewController.h */,
				3BD6ADD41C36F5680058C0BE /* ViewController.m */,
				3BD6ADD61C36F5680058C0BE /* Main.storyboard */,
				3BD6ADD91C36F5680058C0BE /* Assets.xcassets */,
				3BD6ADDB1C36F5680058C0BE /* LaunchScreen.storyboard */,
				3BD6ADDE1C36F5680058C0BE /* Info.plist */,
				3BD6ADCD1C36F5680058C0BE /* Supporting Files */,
			);
			path = HotShot;
			sourceTree = "<group>";
		};
		3BD6ADCD1C36F5680058C0BE /* Supporting Files */ = {
			isa = PBXGroup;
			children = (
				3BD6ADCE1C36F5680058C0BE /* main.m */,
			);
			name = "Supporting Files";
			sourceTree = "<group>";
		};
		3BD6ADE61C36F5680058C0BE /* HotShotTests */ = {
			isa = PBXGroup;
			children = (
				3BD6ADE71C36F5680058C0BE /* HotShotTests.m */,
				3BD6ADE91C36F5680058C0BE /* Info.plist */,
			);
			path = HotShotTests;
			sourceTree = "<group>";
		};
		3BD6ADF11C36F5680058C0BE /* HotShotUITests */ = {
			isa = PBXGroup;
			children = (
				3BD6ADF21C36F5680058C0BE /* HotShotUITests.m */,
				3BD6ADF41C36F5680058C0BE /* Info.plist */,
			);
			path = HotShotUITests;
			sourceTree = "<group>";
		};
/* End PBXGroup section */

/* Begin PBXNativeTarget section */
		3BD6ADC91C36F5680058C0BE /* HotShot */ = {
			isa = PBXNativeTarget;
			buildConfigurationList = 3BD6ADF71C36F5680058C0BE /* Build configuration list for PBXNativeTarget "HotShot" */;
			buildPhases = (
				3BD6ADC61C36F5680058C0BE /* Sources */,
				3BD6ADC71C36F5680058C0BE /* Frameworks */,
				3BD6ADC81C36F5680058C0BE /* Resources */,
			);
			buildRules = (
			);
			dependencies = (
			);
			name = HotShot;
			productName = HotShot;
			productReference = 3BD6ADCA1C36F5680058C0BE /* HotShot.app */;
			productType = "com.apple.product-type.application";
		};
		3BD6ADE21C36F5680058C0BE /* HotShotTests */ = {
			isa = PBXNativeTarget;
			buildConfigurationList = 3BD6ADFA1C36F5680058C0BE /* Build configuration list for PBXNativeTarget "HotShotTests" */;
			buildPhases = (
				3BD6ADDF1C36F5680058C0BE /* Sources */,
				3BD6ADE01C36F5680058C0BE /* Frameworks */,
				3BD6ADE11C36F5680058C0BE /* Resources */,
			);
			buildRules = (
			);
			dependencies = (
				3BD6ADE51C36F5680058C0BE /* PBXTargetDependency */,
			);
			name = HotShotTests;
			productName = HotShotTests;
			productReference = 3BD6ADE31C36F5680058C0BE /* HotShotTests.xctest */;
			productType = "com.apple.product-type.bundle.unit-test";
		};
		3BD6ADED1C36F5680058C0BE /* HotShotUITests */ = {
			isa = PBXNativeTarget;
			buildConfigurationList = 3BD6ADFD1C36F5680058C0BE /* Build configuration list for PBXNativeTarget "HotShotUITests" */;
			buildPhases = (
				3BD6ADEA1C36F5680058C0BE /* Sources */,
				3BD6ADEB1C36F5680058C0BE /* Frameworks */,
				3BD6ADEC1C36F5680058C0BE /* Resources */,
			);
			buildRules = (
			);
			dependencies = (
				3BD6ADF01C36F5680058C0BE /* PBXTargetDependency */,
			);
			name = HotShotUITests;
			productName = HotShotUITests;
			productReference = 3BD6ADEE1C36F5680058C0BE /* HotShotUITests.xctest */;
			productType = "com.apple.product-type.bundle.ui-testing";
		};
/* End PBXNativeTarget section */

/* Begin PBXProject section */
		3BD6ADC21C36F5680058C0BE /* Project object */ = {
			isa = PBXProject;
			attributes = {
				LastUpgradeCheck = 0720;
				ORGANIZATIONNAME = "Phil Milot";
				TargetAttributes = {
					3BD6ADC91C36F5680058C0BE = {
						CreatedOnToolsVersion = 7.2;
					};
					3BD6ADE21C36F5680058C0BE = {
						CreatedOnToolsVersion = 7.2;
						TestTargetID = 3BD6ADC91C36F5680058C0BE;
					};
					3BD6ADED1C36F5680058C0BE = {
						CreatedOnToolsVersion = 7.2;
						TestTargetID = 3BD6ADC91C36F5680058C0BE;
					};
				};
			};
			buildConfigurationList = 3BD6ADC51C36F5680058C0BE /* Build configuration list for PBXProject "HotShot" */;
			compatibilityVersion = "Xcode 3.2";
			developmentRegion = English;
			hasScannedForEncodings = 0;
			knownRegions = (
				en,
				Base,
			);
			mainGroup = 3BD6ADC11C36F5680058C0BE;
			productRefGroup = 3BD6ADCB1C36F5680058C0BE /* Products */;
			projectDirPath = "";
			projectRoot = "";
			targets = (
				3BD6ADC91C36F5680058C0BE /* HotShot */,
				3BD6ADE21C36F5680058C0BE /* HotShotTests */,
				3BD6ADED1C36F5680058C0BE /* HotShotUITests */,
			);
		};
/* End PBXProject section */

/* Begin PBXResourcesBuildPhase section */
		3BD6ADC81C36F5680058C0BE /* Resources */ = {
			isa = PBXResourcesBuildPhase;
			buildActionMask = 2147483647;
			files = (
				3BD6ADDD1C36F5680058C0BE /* LaunchScreen.storyboard in Resources */,
				3BD6ADDA1C36F5680058C0BE /* Assets.xcassets in Resources */,
				3BD6ADD81C36F5680058C0BE /* Main.storyboard in Resources */,
			);
			runOnlyForDeploymentPostprocessing = 0;
		};
		3BD6ADE11C36F5680058C0BE /* Resources */ = {
			isa = PBXResourcesBuildPhase;
			buildActionMask = 2147483647;
			files = (
			);
			runOnlyForDeploymentPostprocessing = 0;
		};
		3BD6ADEC1C36F5680058C0BE /* Resources */ = {
			isa = PBXResourcesBuildPhase;
			buildActionMask = 2147483647;
			files = (
			);
			runOnlyForDeploymentPostprocessing = 0;
		};
/* End PBXResourcesBuildPhase section */

/* Begin PBXSourcesBuildPhase section */
		3BD6ADC61C36F5680058C0BE /* Sources */ = {
			isa = PBXSourcesBuildPhase;
			buildActionMask = 2147483647;
			files = (
				3BD6ADD51C36F5680058C0BE /* ViewController.m in Sources */,
				3BD6ADD21C36F5680058C0BE /* AppDelegate.m in Sources */,
				3BD6ADCF1C36F5680058C0BE /* main.m in Sources */,
			);
			runOnlyForDeploymentPostprocessing = 0;
		};
		3BD6ADDF1C36F5680058C0BE /* Sources */ = {
			isa = PBXSourcesBuildPhase;
			buildActionMask = 2147483647;
			files = (
				3BD6ADE81C36F5680058C0BE /* HotShotTests.m in Sources */,
			);
			runOnlyForDeploymentPostprocessing = 0;
		};
		3BD6ADEA1C36F5680058C0BE /* Sources */ = {
			isa = PBXSourcesBuildPhase;
			buildActionMask = 2147483647;
			files = (
				3BD6ADF31C36F5680058C0BE /* HotShotUITests.m in Sources */,
			);
			runOnlyForDeploymentPostprocessing = 0;
		};
/* End PBXSourcesBuildPhase section */

/* Begin PBXTargetDependency section */
		3BD6ADE51C36F5680058C0BE /* PBXTargetDependency */ = {
			isa = PBXTargetDependency;
			target = 3BD6ADC91C36F5680058C0BE /* HotShot */;
			targetProxy = 3BD6ADE41C36F5680058C0BE /* PBXContainerItemProxy */;
		};
		3BD6ADF01C36F5680058C0BE /* PBXTargetDependency */ = {
			isa = PBXTargetDependency;
			target = 3BD6ADC91C36F5680058C0BE /* HotShot */;
			targetProxy = 3BD6ADEF1C36F5680058C0BE /* PBXContainerItemProxy */;
		};
/* End PBXTargetDependency section */

/* Begin PBXVariantGroup section */
		3BD6ADD61C36F5680058C0BE /* Main.storyboard */ = {
			isa = PBXVariantGroup;
			children = (
				3BD6ADD71C36F5680058C0BE /* Base */,
			);
			name = Main.storyboard;
			sourceTree = "<group>";
		};
		3BD6ADDB1C36F5680058C0BE /* LaunchScreen.storyboard */ = {
			isa = PBXVariantGroup;
			children = (
				3BD6ADDC1C36F5680058C0BE /* Base */,
			);
			name = LaunchScreen.storyboard;
			sourceTree = "<group>";
		};
/* End PBXVariantGroup section */

/* Begin XCBuildConfiguration section */
		3BD6ADF51C36F5680058C0BE /* Debug */ = {
			isa = XCBuildConfiguration;
			buildSettings = {
				ALWAYS_SEARCH_USER_PATHS = NO;
				CLANG_CXX_LANGUAGE_STANDARD = "gnu++0x";
				CLANG_CXX_LIBRARY = "libc++";
				CLANG_ENABLE_MODULES = YES;
				CLANG_ENABLE_OBJC_ARC = YES;
				CLANG_WARN_BOOL_CONVERSION = YES;
				CLANG_WARN_CONSTANT_CONVERSION = YES;
				CLANG_WARN_DIRECT_OBJC_ISA_USAGE = YES_ERROR;
				CLANG_WARN_EMPTY_BODY = YES;
				CLANG_WARN_ENUM_CONVERSION = YES;
				CLANG_WARN_INT_CONVERSION = YES;
				CLANG_WARN_OBJC_ROOT_CLASS = YES_ERROR;
				CLANG_WARN_UNREACHABLE_CODE = YES;
				CLANG_WARN__DUPLICATE_METHOD_MATCH = YES;
				"CODE_SIGN_IDENTITY[sdk=iphoneos*]" = "iPhone Developer";
				COPY_PHASE_STRIP = NO;
				DEBUG_INFORMATION_FORMAT = dwarf;
				ENABLE_STRICT_OBJC_MSGSEND = YES;
				ENABLE_TESTABILITY = YES;
				GCC_C_LANGUAGE_STANDARD = gnu99;
				GCC_DYNAMIC_NO_PIC = NO;
				GCC_NO_COMMON_BLOCKS = YES;
				GCC_OPTIMIZATION_LEVEL = 0;
				GCC_PREPROCESSOR_DEFINITIONS = (
					"DEBUG=1",
					"$(inherited)",
				);
				GCC_WARN_64_TO_32_BIT_CONVERSION = YES;
				GCC_WARN_ABOUT_RETURN_TYPE = YES_ERROR;
				GCC_WARN_UNDECLARED_SELECTOR = YES;
				GCC_WARN_UNINITIALIZED_AUTOS = YES_AGGRESSIVE;
				GCC_WARN_UNUSED_FUNCTION = YES;
				GCC_WARN_UNUSED_VARIABLE = YES;
				IPHONEOS_DEPLOYMENT_TARGET = 9.2;
				MTL_ENABLE_DEBUG_INFO = YES;
				ONLY_ACTIVE_ARCH = YES;
				SDKROOT = iphoneos;
			};
			name = Debug;
		};
		3BD6ADF61C36F5680058C0BE /* Release */ = {
			isa = XCBuildConfiguration;
			buildSettings = {
				ALWAYS_SEARCH_USER_PATHS = NO;
				CLANG_CXX_LANGUAGE_STANDARD = "gnu++0x";
				CLANG_CXX_LIBRARY = "libc++";
				CLANG_ENABLE_MODULES = YES;
				CLANG_ENABLE_OBJC_ARC = YES;
				CLANG_WARN_BOOL_CONVERSION = YES;
				CLANG_WARN_CONSTANT_CONVERSION = YES;
				CLANG_WARN_DIRECT_OBJC_ISA_USAGE = YES_ERROR;
				CLANG_WARN_EMPTY_BODY = YES;
				CLANG_WARN_ENUM_CONVERSION = YES;
				CLANG_WARN_INT_CONVERSION = YES;
				CLANG_WARN_OBJC_ROOT_CLASS = YES_ERROR;
				CLANG_WARN_UNREACHABLE_CODE = YES;
				CLANG_WARN__DUPLICATE_METHOD_MATCH = YES;
				"CODE_SIGN_IDENTITY[sdk=iphoneos*]" = "iPhone Developer";
				COPY_PHASE_STRIP = NO;
				DEBUG_INFORMATION_FORMAT = "dwarf-with-dsym";
				ENABLE_NS_ASSERTIONS = NO;
				ENABLE_STRICT_OBJC_MSGSEND = YES;
				GCC_C_LANGUAGE_STANDARD = gnu99;
				GCC_NO_COMMON_BLOCKS = YES;
				GCC_WARN_64_TO_32_BIT_CONVERSION = YES;
				GCC_WARN_ABOUT_RETURN_TYPE = YES_ERROR;
				GCC_WARN_UNDECLARED_SELECTOR = YES;
				GCC_WARN_UNINITIALIZED_AUTOS = YES_AGGRESSIVE;
				GCC_WARN_UNUSED_FUNCTION = YES;
				GCC_WARN_UNUSED_VARIABLE = YES;
				IPHONEOS_DEPLOYMENT_TARGET = 9.2;
				MTL_ENABLE_DEBUG_INFO = NO;
				SDKROOT = iphoneos;
				VALIDATE_PRODUCT = YES;
			};
			name = Release;
		};
		3BD6ADF81C36F5680058C0BE /* Debug */ = {
			isa = XCBuildConfiguration;
			buildSettings = {
				ASSETCATALOG_COMPILER_APPICON_NAME = AppIcon;
				INFOPLIST_FILE = HotShot/Info.plist;
				LD_RUNPATH_SEARCH_PATHS = "$(inherited) @executable_path/Frameworks";
				PRODUCT_BUNDLE_IDENTIFIER = philmilot.HotShot;
				PRODUCT_NAME = "$(TARGET_NAME)";
			};
			name = Debug;
		};
		3BD6ADF91C36F5680058C0BE /* Release */ = {
			isa = XCBuildConfiguration;
			buildSettings = {
				ASSETCATALOG_COMPILER_APPICON_NAME = AppIcon;
				INFOPLIST_FILE = HotShot/Info.plist;
				LD_RUNPATH_SEARCH_PATHS = "$(inherited) @executable_path/Frameworks";
				PRODUCT_BUNDLE_IDENTIFIER = philmilot.HotShot;
				PRODUCT_NAME = "$(TARGET_NAME)";
			};
			name = Release;
		};
		3BD6ADFB1C36F5680058C0BE /* Debug */ = {
			isa = XCBuildConfiguration;
			buildSettings = {
				BUNDLE_LOADER = "$(TEST_HOST)";
				INFOPLIST_FILE = HotShotTests/Info.plist;
				LD_RUNPATH_SEARCH_PATHS = "$(inherited) @executable_path/Frameworks @loader_path/Frameworks";
				PRODUCT_BUNDLE_IDENTIFIER = philmilot.HotShotTests;
				PRODUCT_NAME = "$(TARGET_NAME)";
				TEST_HOST = "$(BUILT_PRODUCTS_DIR)/HotShot.app/HotShot";
			};
			name = Debug;
		};
		3BD6ADFC1C36F5680058C0BE /* Release */ = {
			isa = XCBuildConfiguration;
			buildSettings = {
				BUNDLE_LOADER = "$(TEST_HOST)";
				INFOPLIST_FILE = HotShotTests/Info.plist;
				LD_RUNPATH_SEARCH_PATHS = "$(inherited) @executable_path/Frameworks @loader_path/Frameworks";
				PRODUCT_BUNDLE_IDENTIFIER = philmilot.HotShotTests;
				PRODUCT_NAME = "$(TARGET_NAME)";
				TEST_HOST = "$(BUILT_PRODUCTS_DIR)/HotShot.app/HotShot";
			};
			name = Release;
		};
		3BD6ADFE1C36F5680058C0BE /* Debug */ = {
			isa = XCBuildConfiguration;
			buildSettings = {
				INFOPLIST_FILE = HotShotUITests/Info.plist;
				LD_RUNPATH_SEARCH_PATHS = "$(inherited) @executable_path/Frameworks @loader_path/Frameworks";
				PRODUCT_BUNDLE_IDENTIFIER = philmilot.HotShotUITests;
				PRODUCT_NAME = "$(TARGET_NAME)";
				TEST_TARGET_NAME = HotShot;
				USES_XCTRUNNER = YES;
			};
			name = Debug;
		};
		3BD6ADFF1C36F5680058C0BE /* Release */ = {
			isa = XCBuildConfiguration;
			buildSettings = {
				INFOPLIST_FILE = HotShotUITests/Info.plist;
				LD_RUNPATH_SEARCH_PATHS = "$(inherited) @executable_path/Frameworks @loader_path/Frameworks";
				PRODUCT_BUNDLE_IDENTIFIER = philmilot.HotShotUITests;
				PRODUCT_NAME = "$(TARGET_NAME)";
				TEST_TARGET_NAME = HotShot;
				USES_XCTRUNNER = YES;
			};
			name = Release;
		};
/* End XCBuildConfiguration section */

/* Begin XCConfigurationList section */
		3BD6ADC51C36F5680058C0BE /* Build configuration list for PBXProject "HotShot" */ = {
			isa = XCConfigurationList;
			buildConfigurations = (
				3BD6ADF51C36F5680058C0BE /* Debug */,
				3BD6ADF61C36F5680058C0BE /* Release */,
			);
			defaultConfigurationIsVisible = 0;
			defaultConfigurationName = Release;
		};
		3BD6ADF71C36F5680058C0BE /* Build configuration list for PBXNativeTarget "HotShot" */ = {
			isa = XCConfigurationList;
			buildConfigurations = (
				3BD6ADF81C36F5680058C0BE /* Debug */,
				3BD6ADF91C36F5680058C0BE /* Release */,
			);
			defaultConfigurationIsVisible = 0;
		};
		3BD6ADFA1C36F5680058C0BE /* Build configuration list for PBXNativeTarget "HotShotTests" */ = {
			isa = XCConfigurationList;
			buildConfigurations = (
				3BD6ADFB1C36F5680058C0BE /* Debug */,
				3BD6ADFC1C36F5680058C0BE /* Release */,
			);
			defaultConfigurationIsVisible = 0;
		};
		3BD6ADFD1C36F5680058C0BE /* Build configuration list for PBXNativeTarget "HotShotUITests" */ = {
			isa = XCConfigurationList;
			buildConfigurations = (
				3BD6ADFE1C36F5680058C0BE /* Debug */,
				3BD6ADFF1C36F5680058C0BE /* Release */,
			);
			defaultConfigurationIsVisible = 0;
		};
/* End XCConfigurationList section */
	};
	rootObject = 3BD6ADC21C36F5680058C0BE /* Project object */;
}
